
Microsoft Visual Studio Solution File, Format Version 12.00
# Visual Studio 15
VisualStudioVersion = 15.0.27428.2027
MinimumVisualStudioVersion = 10.0.40219.1
Project("{FAE04EC0-301F-11D3-BF4B-00C04F79EFBC}") = "MiroBozik.StringParser", "MiroBozik.StringParser\MiroBozik.StringParser.csproj", "{91205375-3EDC-4E3C-B761-7E37D4ACB33F}"
EndProject
Project("{FAE04EC0-301F-11D3-BF4B-00C04F79EFBC}") = "MiroBozik.StringParser.Test", "MiroBozik.StringParser.Test\MiroBozik.StringParser.Test.csproj", "{D6EAFF5C-EEDA-4FA3-9E35-7BCE660D9023}"
EndProject
Global
	GlobalSection(SolutionConfigurationPlatforms) = preSolution
		Debug|Any CPU = Debug|Any CPU
		Release|Any CPU = Release|Any CPU
	EndGlobalSection
	GlobalSection(ProjectConfigurationPlatforms) = postSolution
		{91205375-3EDC-4E3C-B761-7E37D4ACB33F}.Debug|Any CPU.ActiveCfg = Debug|Any CPU
		{91205375-3EDC-4E3C-B761-7E37D4ACB33F}.Debug|Any CPU.Build.0 = Debug|Any CPU
		{91205375-3EDC-4E3C-B761-7E37D4ACB33F}.Release|Any CPU.ActiveCfg = Release|Any CPU
		{91205375-3EDC-4E3C-B761-7E37D4ACB33F}.Release|Any CPU.Build.0 = Release|Any CPU
		{D6EAFF5C-EEDA-4FA3-9E35-7BCE660D9023}.Debug|Any CPU.ActiveCfg = Debug|Any CPU
		{D6EAFF5C-EEDA-4FA3-9E35-7BCE660D9023}.Debug|Any CPU.Build.0 = Debug|Any CPU
		{D6EAFF5C-EEDA-4FA3-9E35-7BCE660D9023}.Release|Any CPU.ActiveCfg = Release|Any CPU
		{D6EAFF5C-EEDA-4FA3-9E35-7BCE660D9023}.Release|Any CPU.Build.0 = Release|Any CPU
	EndGlobalSection
	GlobalSection(SolutionProperties) = preSolution
		HideSolutionNode = FALSE
	EndGlobalSection
	GlobalSection(ExtensibilityGlobals) = postSolution
		SolutionGuid = {8E9253A3-6ACA-4238-8B4C-E92FD315E203}
	EndGlobalSection
EndGlobal
